
Microsoft Visual Studio Solution File, Format Version 12.00
# Visual Studio Version 16
VisualStudioVersion = 16.0.30320.27
MinimumVisualStudioVersion = 10.0.40219.1
Project("{FAE04EC0-301F-11D3-BF4B-00C04F79EFBC}") = "Asp.Net-Core-MVC-CRUD-with-EF-Core", "WebApplication1\Asp.Net-Core-MVC-CRUD-with-EF-Core.csproj", "{E0241DFA-349A-42F0-9579-A087FA061540}"
EndProject
Global
	GlobalSection(SolutionConfigurationPlatforms) = preSolution
		Debug|Any CPU = Debug|Any CPU
		Release|Any CPU = Release|Any CPU
	EndGlobalSection
	GlobalSection(ProjectConfigurationPlatforms) = postSolution
		{E0241DFA-349A-42F0-9579-A087FA061540}.Debug|Any CPU.ActiveCfg = Debug|Any CPU
		{E0241DFA-349A-42F0-9579-A087FA061540}.Debug|Any CPU.Build.0 = Debug|Any CPU
		{E0241DFA-349A-42F0-9579-A087FA061540}.Release|Any CPU.ActiveCfg = Release|Any CPU
		{E0241DFA-349A-42F0-9579-A087FA061540}.Release|Any CPU.Build.0 = Release|Any CPU
	EndGlobalSection
	GlobalSection(SolutionProperties) = preSolution
		HideSolutionNode = FALSE
	EndGlobalSection
	GlobalSection(ExtensibilityGlobals) = postSolution
		SolutionGuid = {2E8CCF2D-CBCF-4C06-AE6F-CE67C9EE61C4}
	EndGlobalSection
EndGlobal
